
Microsoft Visual Studio Solution File, Format Version 12.00
Project("{FAE04EC0-301F-11D3-BF4B-00C04F79EFBC}") = "Nebra", "compiler\Nebra.csproj", "{3BD622A7-B886-482C-A74E-ACBE5FAB11CE}"
EndProject
Project("{FAE04EC0-301F-11D3-BF4B-00C04F79EFBC}") = "Nebra.Runtime", "runtime\Nebra.Runtime.csproj", "{6F4A9C2D-1B37-4E8B-9AAB-D2F1C2A7E4F0}"
EndProject
Global
	GlobalSection(SolutionConfigurationPlatforms) = preSolution
		Debug|Any CPU = Debug|Any CPU
		Release|Any CPU = Release|Any CPU
	EndGlobalSection
	GlobalSection(ProjectConfigurationPlatforms) = postSolution
		{3BD622A7-B886-482C-A74E-ACBE5FAB11CE}.Debug|Any CPU.ActiveCfg = Debug|Any CPU
		{3BD622A7-B886-482C-A74E-ACBE5FAB11CE}.Debug|Any CPU.Build.0 = Debug|Any CPU
		{3BD622A7-B886-482C-A74E-ACBE5FAB11CE}.Release|Any CPU.ActiveCfg = Release|Any CPU
		{3BD622A7-B886-482C-A74E-ACBE5FAB11CE}.Release|Any CPU.Build.0 = Release|Any CPU
		{6F4A9C2D-1B37-4E8B-9AAB-D2F1C2A7E4F0}.Debug|Any CPU.ActiveCfg = Debug|Any CPU
		{6F4A9C2D-1B37-4E8B-9AAB-D2F1C2A7E4F0}.Debug|Any CPU.Build.0 = Debug|Any CPU
		{6F4A9C2D-1B37-4E8B-9AAB-D2F1C2A7E4F0}.Release|Any CPU.ActiveCfg = Release|Any CPU
		{6F4A9C2D-1B37-4E8B-9AAB-D2F1C2A7E4F0}.Release|Any CPU.Build.0 = Release|Any CPU
	EndGlobalSection
EndGlobal
